
Microsoft Visual Studio Solution File, Format Version 12.00
# Visual Studio Version 17
VisualStudioVersion = 17.0.31903.59
MinimumVisualStudioVersion = 10.0.40219.1
Project("{2150E333-8FDC-42A3-9474-1A3956D46DE8}") = "src", "src", "{349D9687-7033-4FC4-BFF1-A39407B0C9FB}"
EndProject
Project("{FAE04EC0-301F-11D3-BF4B-00C04F79EFBC}") = "Products.API", "src\Products.API\Products.API.csproj", "{E4A6128E-70D9-48D7-A821-8F0E68F72824}"
EndProject
Project("{FAE04EC0-301F-11D3-BF4B-00C04F79EFBC}") = "Users.API", "src\Users.API\Users.API.csproj", "{C6DB6A49-D565-4950-81C1-BD16914C3935}"
EndProject
Project("{FAE04EC0-301F-11D3-BF4B-00C04F79EFBC}") = "Orders.API", "src\Orders.API\Orders.API.csproj", "{8C85E90C-21E7-4130-9983-8EDA0F350E3D}"
EndProject
Project("{FAE04EC0-301F-11D3-BF4B-00C04F79EFBC}") = "Cart.API", "src\Cart.API\Cart.API.csproj", "{584D866C-9F2E-4122-BADD-89A9692FC32B}"
EndProject
Project("{FAE04EC0-301F-11D3-BF4B-00C04F79EFBC}") = "Notifications.API", "src\Notifications.API\Notifications.API.csproj", "{8DB404D5-B76F-458F-BE3C-A64155E36094}"
EndProject
Global
	GlobalSection(SolutionConfigurationPlatforms) = preSolution
		Debug|Any CPU = Debug|Any CPU
		Release|Any CPU = Release|Any CPU
	EndGlobalSection
	GlobalSection(SolutionProperties) = preSolution
		HideSolutionNode = FALSE
	EndGlobalSection
	GlobalSection(ProjectConfigurationPlatforms) = postSolution
		{E4A6128E-70D9-48D7-A821-8F0E68F72824}.Debug|Any CPU.ActiveCfg = Debug|Any CPU
		{E4A6128E-70D9-48D7-A821-8F0E68F72824}.Debug|Any CPU.Build.0 = Debug|Any CPU
		{E4A6128E-70D9-48D7-A821-8F0E68F72824}.Release|Any CPU.ActiveCfg = Release|Any CPU
		{E4A6128E-70D9-48D7-A821-8F0E68F72824}.Release|Any CPU.Build.0 = Release|Any CPU
		{C6DB6A49-D565-4950-81C1-BD16914C3935}.Debug|Any CPU.ActiveCfg = Debug|Any CPU
		{C6DB6A49-D565-4950-81C1-BD16914C3935}.Debug|Any CPU.Build.0 = Debug|Any CPU
		{C6DB6A49-D565-4950-81C1-BD16914C3935}.Release|Any CPU.ActiveCfg = Release|Any CPU
		{C6DB6A49-D565-4950-81C1-BD16914C3935}.Release|Any CPU.Build.0 = Release|Any CPU
		{8C85E90C-21E7-4130-9983-8EDA0F350E3D}.Debug|Any CPU.ActiveCfg = Debug|Any CPU
		{8C85E90C-21E7-4130-9983-8EDA0F350E3D}.Debug|Any CPU.Build.0 = Debug|Any CPU
		{8C85E90C-21E7-4130-9983-8EDA0F350E3D}.Release|Any CPU.ActiveCfg = Release|Any CPU
		{8C85E90C-21E7-4130-9983-8EDA0F350E3D}.Release|Any CPU.Build.0 = Release|Any CPU
		{584D866C-9F2E-4122-BADD-89A9692FC32B}.Debug|Any CPU.ActiveCfg = Debug|Any CPU
		{584D866C-9F2E-4122-BADD-89A9692FC32B}.Debug|Any CPU.Build.0 = Debug|Any CPU
		{584D866C-9F2E-4122-BADD-89A9692FC32B}.Release|Any CPU.ActiveCfg = Release|Any CPU
		{584D866C-9F2E-4122-BADD-89A9692FC32B}.Release|Any CPU.Build.0 = Release|Any CPU
		{8DB404D5-B76F-458F-BE3C-A64155E36094}.Debug|Any CPU.ActiveCfg = Debug|Any CPU
		{8DB404D5-B76F-458F-BE3C-A64155E36094}.Debug|Any CPU.Build.0 = Debug|Any CPU
		{8DB404D5-B76F-458F-BE3C-A64155E36094}.Release|Any CPU.ActiveCfg = Release|Any CPU
		{8DB404D5-B76F-458F-BE3C-A64155E36094}.Release|Any CPU.Build.0 = Release|Any CPU
	EndGlobalSection
	GlobalSection(NestedProjects) = preSolution
		{E4A6128E-70D9-48D7-A821-8F0E68F72824} = {349D9687-7033-4FC4-BFF1-A39407B0C9FB}
		{C6DB6A49-D565-4950-81C1-BD16914C3935} = {349D9687-7033-4FC4-BFF1-A39407B0C9FB}
		{8C85E90C-21E7-4130-9983-8EDA0F350E3D} = {349D9687-7033-4FC4-BFF1-A39407B0C9FB}
		{584D866C-9F2E-4122-BADD-89A9692FC32B} = {349D9687-7033-4FC4-BFF1-A39407B0C9FB}
		{8DB404D5-B76F-458F-BE3C-A64155E36094} = {349D9687-7033-4FC4-BFF1-A39407B0C9FB}
	EndGlobalSection
EndGlobal
